// !$*UTF8*$!
{
	archiveVersion = 1;
	classes = {
	};
	objectVersion = 55;
	objects = {

/* Begin PBXBuildFile section */
		030CD82027CF77FA0006C5BE /* AppDelegate.swift in Sources */ = {isa = PBXBuildFile; fileRef = 030CD81F27CF77FA0006C5BE /* AppDelegate.swift */; };
		030CD82227CF77FA0006C5BE /* SceneDelegate.swift in Sources */ = {isa = PBXBuildFile; fileRef = 030CD82127CF77FA0006C5BE /* SceneDelegate.swift */; };
		030CD82427CF77FA0006C5BE /* HomeViewController.swift in Sources */ = {isa = PBXBuildFile; fileRef = 030CD82327CF77FA0006C5BE /* HomeViewController.swift */; };
		030CD82927CF77FB0006C5BE /* Assets.xcassets in Resources */ = {isa = PBXBuildFile; fileRef = 030CD82827CF77FB0006C5BE /* Assets.xcassets */; };
		030CD82C27CF77FB0006C5BE /* LaunchScreen.storyboard in Resources */ = {isa = PBXBuildFile; fileRef = 030CD82A27CF77FB0006C5BE /* LaunchScreen.storyboard */; };
		030CD83727CF77FB0006C5BE /* AdnijoTests.swift in Sources */ = {isa = PBXBuildFile; fileRef = 030CD83627CF77FB0006C5BE /* AdnijoTests.swift */; };
		030CD84127CF77FB0006C5BE /* AdnijoUITests.swift in Sources */ = {isa = PBXBuildFile; fileRef = 030CD84027CF77FB0006C5BE /* AdnijoUITests.swift */; };
		030CD84327CF77FB0006C5BE /* AdnijoUITestsLaunchTests.swift in Sources */ = {isa = PBXBuildFile; fileRef = 030CD84227CF77FB0006C5BE /* AdnijoUITestsLaunchTests.swift */; };
		030CD85527CF799B0006C5BE /* ADDViewController.swift in Sources */ = {isa = PBXBuildFile; fileRef = 030CD85427CF799B0006C5BE /* ADDViewController.swift */; };
		030CD85727CF79B40006C5BE /* ProfileViewController.swift in Sources */ = {isa = PBXBuildFile; fileRef = 030CD85627CF79B40006C5BE /* ProfileViewController.swift */; };
		030CD85B27CF7A260006C5BE /* LoginViewController.swift in Sources */ = {isa = PBXBuildFile; fileRef = 030CD85A27CF7A260006C5BE /* LoginViewController.swift */; };
		030CD85D27CF7A2F0006C5BE /* RegistrationViewController.swift in Sources */ = {isa = PBXBuildFile; fileRef = 030CD85C27CF7A2F0006C5BE /* RegistrationViewController.swift */; };
		030CD85F27CF7A580006C5BE /* Main.storyboard in Resources */ = {isa = PBXBuildFile; fileRef = 030CD85E27CF7A580006C5BE /* Main.storyboard */; };
/* End PBXBuildFile section */

/* Begin PBXContainerItemProxy section */
		030CD83327CF77FB0006C5BE /* PBXContainerItemProxy */ = {
			isa = PBXContainerItemProxy;
			containerPortal = 030CD81427CF77FA0006C5BE /* Project object */;
			proxyType = 1;
			remoteGlobalIDString = 030CD81B27CF77FA0006C5BE;
			remoteInfo = Adnijo;
		};
		030CD83D27CF77FB0006C5BE /* PBXContainerItemProxy */ = {
			isa = PBXContainerItemProxy;
			containerPortal = 030CD81427CF77FA0006C5BE /* Project object */;
			proxyType = 1;
			remoteGlobalIDString = 030CD81B27CF77FA0006C5BE;
			remoteInfo = Adnijo;
		};
/* End PBXContainerItemProxy section */

/* Begin PBXFileReference section */
		030CD81C27CF77FA0006C5BE /* Adnijo.app */ = {isa = PBXFileReference; explicitFileType = wrapper.application; includeInIndex = 0; path = Adnijo.app; sourceTree = BUILT_PRODUCTS_DIR; };
		030CD81F27CF77FA0006C5BE /* AppDelegate.swift */ = {isa = PBXFileReference; lastKnownFileType = sourcecode.swift; path = AppDelegate.swift; sourceTree = "<group>"; };
		030CD82127CF77FA0006C5BE /* SceneDelegate.swift */ = {isa = PBXFileReference; lastKnownFileType = sourcecode.swift; path = SceneDelegate.swift; sourceTree = "<group>"; };
		030CD82327CF77FA0006C5BE /* HomeViewController.swift */ = {isa = PBXFileReference; lastKnownFileType = sourcecode.swift; path = HomeViewController.swift; sourceTree = "<group>"; };
		030CD82827CF77FB0006C5BE /* Assets.xcassets */ = {isa = PBXFileReference; lastKnownFileType = folder.assetcatalog; path = Assets.xcassets; sourceTree = "<group>"; };
		030CD82B27CF77FB0006C5BE /* Base */ = {isa = PBXFileReference; lastKnownFileType = file.storyboard; name = Base; path = Base.lproj/LaunchScreen.storyboard; sourceTree = "<group>"; };
		030CD82D27CF77FB0006C5BE /* Info.plist */ = {isa = PBXFileReference; lastKnownFileType = text.plist.xml; path = Info.plist; sourceTree = "<group>"; };
		030CD83227CF77FB0006C5BE /* AdnijoTests.xctest */ = {isa = PBXFileReference; explicitFileType = wrapper.cfbundle; includeInIndex = 0; path = AdnijoTests.xctest; sourceTree = BUILT_PRODUCTS_DIR; };
		030CD83627CF77FB0006C5BE /* AdnijoTests.swift */ = {isa = PBXFileReference; lastKnownFileType = sourcecode.swift; path = AdnijoTests.swift; sourceTree = "<group>"; };
		030CD83C27CF77FB0006C5BE /* AdnijoUITests.xctest */ = {isa = PBXFileReference; explicitFileType = wrapper.cfbundle; includeInIndex = 0; path = AdnijoUITests.xctest; sourceTree = BUILT_PRODUCTS_DIR; };
		030CD84027CF77FB0006C5BE /* AdnijoUITests.swift */ = {isa = PBXFileReference; lastKnownFileType = sourcecode.swift; path = AdnijoUITests.swift; sourceTree = "<group>"; };
		030CD84227CF77FB0006C5BE /* AdnijoUITestsLaunchTests.swift */ = {isa = PBXFileReference; lastKnownFileType = sourcecode.swift; path = AdnijoUITestsLaunchTests.swift; sourceTree = "<group>"; };
		030CD85427CF799B0006C5BE /* ADDViewController.swift */ = {isa = PBXFileReference; lastKnownFileType = sourcecode.swift; path = ADDViewController.swift; sourceTree = "<group>"; };
		030CD85627CF79B40006C5BE /* ProfileViewController.swift */ = {isa = PBXFileReference; lastKnownFileType = sourcecode.swift; path = ProfileViewController.swift; sourceTree = "<group>"; };
		030CD85A27CF7A260006C5BE /* LoginViewController.swift */ = {isa = PBXFileReference; fileEncoding = 4; lastKnownFileType = sourcecode.swift; path = LoginViewController.swift; sourceTree = "<group>"; };
		030CD85C27CF7A2F0006C5BE /* RegistrationViewController.swift */ = {isa = PBXFileReference; fileEncoding = 4; lastKnownFileType = sourcecode.swift; path = RegistrationViewController.swift; sourceTree = "<group>"; };
		030CD85E27CF7A580006C5BE /* Main.storyboard */ = {isa = PBXFileReference; fileEncoding = 4; lastKnownFileType = file.storyboard; path = Main.storyboard; sourceTree = "<group>"; };
/* End PBXFileReference section */

/* Begin PBXFrameworksBuildPhase section */
		030CD81927CF77FA0006C5BE /* Frameworks */ = {
			isa = PBXFrameworksBuildPhase;
			buildActionMask = 2147483647;
			files = (
			);
			runOnlyForDeploymentPostprocessing = 0;
		};
		030CD82F27CF77FB0006C5BE /* Frameworks */ = {
			isa = PBXFrameworksBuildPhase;
			buildActionMask = 2147483647;
			files = (
			);
			runOnlyForDeploymentPostprocessing = 0;
		};
		030CD83927CF77FB0006C5BE /* Frameworks */ = {
			isa = PBXFrameworksBuildPhase;
			buildActionMask = 2147483647;
			files = (
			);
			runOnlyForDeploymentPostprocessing = 0;
		};
/* End PBXFrameworksBuildPhase section */

/* Begin PBXGroup section */
		030CD81327CF77FA0006C5BE = {
			isa = PBXGroup;
			children = (
				030CD81E27CF77FA0006C5BE /* Adnijo */,
				030CD83527CF77FB0006C5BE /* AdnijoTests */,
				030CD83F27CF77FB0006C5BE /* AdnijoUITests */,
				030CD81D27CF77FA0006C5BE /* Products */,
			);
			sourceTree = "<group>";
		};
		030CD81D27CF77FA0006C5BE /* Products */ = {
			isa = PBXGroup;
			children = (
				030CD81C27CF77FA0006C5BE /* Adnijo.app */,
				030CD83227CF77FB0006C5BE /* AdnijoTests.xctest */,
				030CD83C27CF77FB0006C5BE /* AdnijoUITests.xctest */,
			);
			name = Products;
			sourceTree = "<group>";
		};
		030CD81E27CF77FA0006C5BE /* Adnijo */ = {
			isa = PBXGroup;
			children = (
				030CD85227CF78B10006C5BE /* Resources */,
				030CD85127CF78A60006C5BE /* Models */,
				030CD85027CF78990006C5BE /* Views */,
				030CD84F27CF78750006C5BE /* Controllers */,
				030CD82D27CF77FB0006C5BE /* Info.plist */,
			);
			path = Adnijo;
			sourceTree = "<group>";
		};
		030CD83527CF77FB0006C5BE /* AdnijoTests */ = {
			isa = PBXGroup;
			children = (
				030CD83627CF77FB0006C5BE /* AdnijoTests.swift */,
			);
			path = AdnijoTests;
			sourceTree = "<group>";
		};
		030CD83F27CF77FB0006C5BE /* AdnijoUITests */ = {
			isa = PBXGroup;
			children = (
				030CD84027CF77FB0006C5BE /* AdnijoUITests.swift */,
				030CD84227CF77FB0006C5BE /* AdnijoUITestsLaunchTests.swift */,
			);
			path = AdnijoUITests;
			sourceTree = "<group>";
		};
		030CD84F27CF78750006C5BE /* Controllers */ = {
			isa = PBXGroup;
			children = (
				030CD85827CF79CD0006C5BE /* Onboarding */,
				030CD85927CF79DD0006C5BE /* Core Tabs */,
			);
			path = Controllers;
			sourceTree = "<group>";
		};
		030CD85027CF78990006C5BE /* Views */ = {
			isa = PBXGroup;
			children = (
				030CD85327CF79120006C5BE /* Storyboards */,
				030CD82827CF77FB0006C5BE /* Assets.xcassets */,
			);
			path = Views;
			sourceTree = "<group>";
		};
		030CD85127CF78A60006C5BE /* Models */ = {
			isa = PBXGroup;
			children = (
			);
			path = Models;
			sourceTree = "<group>";
		};
		030CD85227CF78B10006C5BE /* Resources */ = {
			isa = PBXGroup;
			children = (
				030CD81F27CF77FA0006C5BE /* AppDelegate.swift */,
				030CD82127CF77FA0006C5BE /* SceneDelegate.swift */,
			);
			path = Resources;
			sourceTree = "<group>";
		};
		030CD85327CF79120006C5BE /* Storyboards */ = {
			isa = PBXGroup;
			children = (
				030CD85E27CF7A580006C5BE /* Main.storyboard */,
				030CD82A27CF77FB0006C5BE /* LaunchScreen.storyboard */,
			);
			path = Storyboards;
			sourceTree = "<group>";
		};
		030CD85827CF79CD0006C5BE /* Onboarding */ = {
			isa = PBXGroup;
			children = (
				030CD85A27CF7A260006C5BE /* LoginViewController.swift */,
				030CD85C27CF7A2F0006C5BE /* RegistrationViewController.swift */,
			);
			path = Onboarding;
			sourceTree = "<group>";
		};
		030CD85927CF79DD0006C5BE /* Core Tabs */ = {
			isa = PBXGroup;
			children = (
				030CD85627CF79B40006C5BE /* ProfileViewController.swift */,
				030CD82327CF77FA0006C5BE /* HomeViewController.swift */,
				030CD85427CF799B0006C5BE /* ADDViewController.swift */,
			);
			path = "Core Tabs";
			sourceTree = "<group>";
		};
/* End PBXGroup section */

/* Begin PBXNativeTarget section */
		030CD81B27CF77FA0006C5BE /* Adnijo */ = {
			isa = PBXNativeTarget;
			buildConfigurationList = 030CD84627CF77FB0006C5BE /* Build configuration list for PBXNativeTarget "Adnijo" */;
			buildPhases = (
				030CD81827CF77FA0006C5BE /* Sources */,
				030CD81927CF77FA0006C5BE /* Frameworks */,
				030CD81A27CF77FA0006C5BE /* Resources */,
			);
			buildRules = (
			);
			dependencies = (
			);
			name = Adnijo;
			productName = Adnijo;
			productReference = 030CD81C27CF77FA0006C5BE /* Adnijo.app */;
			productType = "com.apple.product-type.application";
		};
		030CD83127CF77FB0006C5BE /* AdnijoTests */ = {
			isa = PBXNativeTarget;
			buildConfigurationList = 030CD84927CF77FB0006C5BE /* Build configuration list for PBXNativeTarget "AdnijoTests" */;
			buildPhases = (
				030CD82E27CF77FB0006C5BE /* Sources */,
				030CD82F27CF77FB0006C5BE /* Frameworks */,
				030CD83027CF77FB0006C5BE /* Resources */,
			);
			buildRules = (
			);
			dependencies = (
				030CD83427CF77FB0006C5BE /* PBXTargetDependency */,
			);
			name = AdnijoTests;
			productName = AdnijoTests;
			productReference = 030CD83227CF77FB0006C5BE /* AdnijoTests.xctest */;
			productType = "com.apple.product-type.bundle.unit-test";
		};
		030CD83B27CF77FB0006C5BE /* AdnijoUITests */ = {
			isa = PBXNativeTarget;
			buildConfigurationList = 030CD84C27CF77FB0006C5BE /* Build configuration list for PBXNativeTarget "AdnijoUITests" */;
			buildPhases = (
				030CD83827CF77FB0006C5BE /* Sources */,
				030CD83927CF77FB0006C5BE /* Frameworks */,
				030CD83A27CF77FB0006C5BE /* Resources */,
			);
			buildRules = (
			);
			dependencies = (
				030CD83E27CF77FB0006C5BE /* PBXTargetDependency */,
			);
			name = AdnijoUITests;
			productName = AdnijoUITests;
			productReference = 030CD83C27CF77FB0006C5BE /* AdnijoUITests.xctest */;
			productType = "com.apple.product-type.bundle.ui-testing";
		};
/* End PBXNativeTarget section */

/* Begin PBXProject section */
		030CD81427CF77FA0006C5BE /* Project object */ = {
			isa = PBXProject;
			attributes = {
				BuildIndependentTargetsInParallel = 1;
				LastSwiftUpdateCheck = 1320;
				LastUpgradeCheck = 1320;
				TargetAttributes = {
					030CD81B27CF77FA0006C5BE = {
						CreatedOnToolsVersion = 13.2.1;
					};
					030CD83127CF77FB0006C5BE = {
						CreatedOnToolsVersion = 13.2.1;
						TestTargetID = 030CD81B27CF77FA0006C5BE;
					};
					030CD83B27CF77FB0006C5BE = {
						CreatedOnToolsVersion = 13.2.1;
						TestTargetID = 030CD81B27CF77FA0006C5BE;
					};
				};
			};
			buildConfigurationList = 030CD81727CF77FA0006C5BE /* Build configuration list for PBXProject "Adnijo" */;
			compatibilityVersion = "Xcode 13.0";
			developmentRegion = en;
			hasScannedForEncodings = 0;
			knownRegions = (
				en,
				Base,
			);
			mainGroup = 030CD81327CF77FA0006C5BE;
			productRefGroup = 030CD81D27CF77FA0006C5BE /* Products */;
			projectDirPath = "";
			projectRoot = "";
			targets = (
				030CD81B27CF77FA0006C5BE /* Adnijo */,
				030CD83127CF77FB0006C5BE /* AdnijoTests */,
				030CD83B27CF77FB0006C5BE /* AdnijoUITests */,
			);
		};
/* End PBXProject section */

/* Begin PBXResourcesBuildPhase section */
		030CD81A27CF77FA0006C5BE /* Resources */ = {
			isa = PBXResourcesBuildPhase;
			buildActionMask = 2147483647;
			files = (
				030CD82C27CF77FB0006C5BE /* LaunchScreen.storyboard in Resources */,
				030CD85F27CF7A580006C5BE /* Main.storyboard in Resources */,
				030CD82927CF77FB0006C5BE /* Assets.xcassets in Resources */,
			);
			runOnlyForDeploymentPostprocessing = 0;
		};
		030CD83027CF77FB0006C5BE /* Resources */ = {
			isa = PBXResourcesBuildPhase;
			buildActionMask = 2147483647;
			files = (
			);
			runOnlyForDeploymentPostprocessing = 0;
		};
		030CD83A27CF77FB0006C5BE /* Resources */ = {
			isa = PBXResourcesBuildPhase;
			buildActionMask = 2147483647;
			files = (
			);
			runOnlyForDeploymentPostprocessing = 0;
		};
/* End PBXResourcesBuildPhase section */

/* Begin PBXSourcesBuildPhase section */
		030CD81827CF77FA0006C5BE /* Sources */ = {
			isa = PBXSourcesBuildPhase;
			buildActionMask = 2147483647;
			files = (
				030CD85B27CF7A260006C5BE /* LoginViewController.swift in Sources */,
				030CD82427CF77FA0006C5BE /* HomeViewController.swift in Sources */,
				030CD82027CF77FA0006C5BE /* AppDelegate.swift in Sources */,
				030CD85727CF79B40006C5BE /* ProfileViewController.swift in Sources */,
				030CD85D27CF7A2F0006C5BE /* RegistrationViewController.swift in Sources */,
				030CD85527CF799B0006C5BE /* ADDViewController.swift in Sources */,
				030CD82227CF77FA0006C5BE /* SceneDelegate.swift in Sources */,
			);
			runOnlyForDeploymentPostprocessing = 0;
		};
		030CD82E27CF77FB0006C5BE /* Sources */ = {
			isa = PBXSourcesBuildPhase;
			buildActionMask = 2147483647;
			files = (
				030CD83727CF77FB0006C5BE /* AdnijoTests.swift in Sources */,
			);
			runOnlyForDeploymentPostprocessing = 0;
		};
		030CD83827CF77FB0006C5BE /* Sources */ = {
			isa = PBXSourcesBuildPhase;
			buildActionMask = 2147483647;
			files = (
				030CD84127CF77FB0006C5BE /* AdnijoUITests.swift in Sources */,
				030CD84327CF77FB0006C5BE /* AdnijoUITestsLaunchTests.swift in Sources */,
			);
			runOnlyForDeploymentPostprocessing = 0;
		};
/* End PBXSourcesBuildPhase section */

/* Begin PBXTargetDependency section */
		030CD83427CF77FB0006C5BE /* PBXTargetDependency */ = {
			isa = PBXTargetDependency;
			target = 030CD81B27CF77FA0006C5BE /* Adnijo */;
			targetProxy = 030CD83327CF77FB0006C5BE /* PBXContainerItemProxy */;
		};
		030CD83E27CF77FB0006C5BE /* PBXTargetDependency */ = {
			isa = PBXTargetDependency;
			target = 030CD81B27CF77FA0006C5BE /* Adnijo */;
			targetProxy = 030CD83D27CF77FB0006C5BE /* PBXContainerItemProxy */;
		};
/* End PBXTargetDependency section */

/* Begin PBXVariantGroup section */
		030CD82A27CF77FB0006C5BE /* LaunchScreen.storyboard */ = {
			isa = PBXVariantGroup;
			children = (
				030CD82B27CF77FB0006C5BE /* Base */,
			);
			name = LaunchScreen.storyboard;
			sourceTree = "<group>";
		};
/* End PBXVariantGroup section */

/* Begin XCBuildConfiguration section */
		030CD84427CF77FB0006C5BE /* Debug */ = {
			isa = XCBuildConfiguration;
			buildSettings = {
				ALWAYS_SEARCH_USER_PATHS = NO;
				CLANG_ANALYZER_NONNULL = YES;
				CLANG_ANALYZER_NUMBER_OBJECT_CONVERSION = YES_AGGRESSIVE;
				CLANG_CXX_LANGUAGE_STANDARD = "gnu++17";
				CLANG_CXX_LIBRARY = "libc++";
				CLANG_ENABLE_MODULES = YES;
				CLANG_ENABLE_OBJC_ARC = YES;
				CLANG_ENABLE_OBJC_WEAK = YES;
				CLANG_WARN_BLOCK_CAPTURE_AUTORELEASING = YES;
				CLANG_WARN_BOOL_CONVERSION = YES;
				CLANG_WARN_COMMA = YES;
				CLANG_WARN_CONSTANT_CONVERSION = YES;
				CLANG_WARN_DEPRECATED_OBJC_IMPLEMENTATIONS = YES;
				CLANG_WARN_DIRECT_OBJC_ISA_USAGE = YES_ERROR;
				CLANG_WARN_DOCUMENTATION_COMMENTS = YES;
				CLANG_WARN_EMPTY_BODY = YES;
				CLANG_WARN_ENUM_CONVERSION = YES;
				CLANG_WARN_INFINITE_RECURSION = YES;
				CLANG_WARN_INT_CONVERSION = YES;
				CLANG_WARN_NON_LITERAL_NULL_CONVERSION = YES;
				CLANG_WARN_OBJC_IMPLICIT_RETAIN_SELF = YES;
				CLANG_WARN_OBJC_LITERAL_CONVERSION = YES;
				CLANG_WARN_OBJC_ROOT_CLASS = YES_ERROR;
				CLANG_WARN_QUOTED_INCLUDE_IN_FRAMEWORK_HEADER = YES;
				CLANG_WARN_RANGE_LOOP_ANALYSIS = YES;
				CLANG_WARN_STRICT_PROTOTYPES = YES;
				CLANG_WARN_SUSPICIOUS_MOVE = YES;
				CLANG_WARN_UNGUARDED_AVAILABILITY = YES_AGGRESSIVE;
				CLANG_WARN_UNREACHABLE_CODE = YES;
				CLANG_WARN__DUPLICATE_METHOD_MATCH = YES;
				COPY_PHASE_STRIP = NO;
				DEBUG_INFORMATION_FORMAT = dwarf;
				ENABLE_STRICT_OBJC_MSGSEND = YES;
				ENABLE_TESTABILITY = YES;
				GCC_C_LANGUAGE_STANDARD = gnu11;
				GCC_DYNAMIC_NO_PIC = NO;
				GCC_NO_COMMON_BLOCKS = YES;
				GCC_OPTIMIZATION_LEVEL = 0;
				GCC_PREPROCESSOR_DEFINITIONS = (
					"DEBUG=1",
					"$(inherited)",
				);
				GCC_WARN_64_TO_32_BIT_CONVERSION = YES;
				GCC_WARN_ABOUT_RETURN_TYPE = YES_ERROR;
				GCC_WARN_UNDECLARED_SELECTOR = YES;
				GCC_WARN_UNINITIALIZED_AUTOS = YES_AGGRESSIVE;
				GCC_WARN_UNUSED_FUNCTION = YES;
				GCC_WARN_UNUSED_VARIABLE = YES;
				IPHONEOS_DEPLOYMENT_TARGET = 15.2;
				MTL_ENABLE_DEBUG_INFO = INCLUDE_SOURCE;
				MTL_FAST_MATH = YES;
				ONLY_ACTIVE_ARCH = YES;
				SDKROOT = iphoneos;
				SWIFT_ACTIVE_COMPILATION_CONDITIONS = DEBUG;
				SWIFT_OPTIMIZATION_LEVEL = "-Onone";
			};
			name = Debug;
		};
		030CD84527CF77FB0006C5BE /* Release */ = {
			isa = XCBuildConfiguration;
			buildSettings = {
				ALWAYS_SEARCH_USER_PATHS = NO;
				CLANG_ANALYZER_NONNULL = YES;
				CLANG_ANALYZER_NUMBER_OBJECT_CONVERSION = YES_AGGRESSIVE;
				CLANG_CXX_LANGUAGE_STANDARD = "gnu++17";
				CLANG_CXX_LIBRARY = "libc++";
				CLANG_ENABLE_MODULES = YES;
				CLANG_ENABLE_OBJC_ARC = YES;
				CLANG_ENABLE_OBJC_WEAK = YES;
				CLANG_WARN_BLOCK_CAPTURE_AUTORELEASING = YES;
				CLANG_WARN_BOOL_CONVERSION = YES;
				CLANG_WARN_COMMA = YES;
				CLANG_WARN_CONSTANT_CONVERSION = YES;
				CLANG_WARN_DEPRECATED_OBJC_IMPLEMENTATIONS = YES;
				CLANG_WARN_DIRECT_OBJC_ISA_USAGE = YES_ERROR;
				CLANG_WARN_DOCUMENTATION_COMMENTS = YES;
				CLANG_WARN_EMPTY_BODY = YES;
				CLANG_WARN_ENUM_CONVERSION = YES;
				CLANG_WARN_INFINITE_RECURSION = YES;
				CLANG_WARN_INT_CONVERSION = YES;
				CLANG_WARN_NON_LITERAL_NULL_CONVERSION = YES;
				CLANG_WARN_OBJC_IMPLICIT_RETAIN_SELF = YES;
				CLANG_WARN_OBJC_LITERAL_CONVERSION = YES;
				CLANG_WARN_OBJC_ROOT_CLASS = YES_ERROR;
				CLANG_WARN_QUOTED_INCLUDE_IN_FRAMEWORK_HEADER = YES;
				CLANG_WARN_RANGE_LOOP_ANALYSIS = YES;
				CLANG_WARN_STRICT_PROTOTYPES = YES;
				CLANG_WARN_SUSPICIOUS_MOVE = YES;
				CLANG_WARN_UNGUARDED_AVAILABILITY = YES_AGGRESSIVE;
				CLANG_WARN_UNREACHABLE_CODE = YES;
				CLANG_WARN__DUPLICATE_METHOD_MATCH = YES;
				COPY_PHASE_STRIP = NO;
				DEBUG_INFORMATION_FORMAT = "dwarf-with-dsym";
				ENABLE_NS_ASSERTIONS = NO;
				ENABLE_STRICT_OBJC_MSGSEND = YES;
				GCC_C_LANGUAGE_STANDARD = gnu11;
				GCC_NO_COMMON_BLOCKS = YES;
				GCC_WARN_64_TO_32_BIT_CONVERSION = YES;
				GCC_WARN_ABOUT_RETURN_TYPE = YES_ERROR;
				GCC_WARN_UNDECLARED_SELECTOR = YES;
				GCC_WARN_UNINITIALIZED_AUTOS = YES_AGGRESSIVE;
				GCC_WARN_UNUSED_FUNCTION = YES;
				GCC_WARN_UNUSED_VARIABLE = YES;
				IPHONEOS_DEPLOYMENT_TARGET = 15.2;
				MTL_ENABLE_DEBUG_INFO = NO;
				MTL_FAST_MATH = YES;
				SDKROOT = iphoneos;
				SWIFT_COMPILATION_MODE = wholemodule;
				SWIFT_OPTIMIZATION_LEVEL = "-O";
				VALIDATE_PRODUCT = YES;
			};
			name = Release;
		};
		030CD84727CF77FB0006C5BE /* Debug */ = {
			isa = XCBuildConfiguration;
			buildSettings = {
				ASSETCATALOG_COMPILER_APPICON_NAME = AppIcon;
				ASSETCATALOG_COMPILER_GLOBAL_ACCENT_COLOR_NAME = AccentColor;
				CODE_SIGN_STYLE = Automatic;
				CURRENT_PROJECT_VERSION = 1;
				GENERATE_INFOPLIST_FILE = YES;
				INFOPLIST_FILE = Adnijo/Info.plist;
				INFOPLIST_KEY_UIApplicationSupportsIndirectInputEvents = YES;
				INFOPLIST_KEY_UILaunchStoryboardName = LaunchScreen;
				INFOPLIST_KEY_UIMainStoryboardFile = Main;
				INFOPLIST_KEY_UISupportedInterfaceOrientations_iPad = "UIInterfaceOrientationPortrait UIInterfaceOrientationPortraitUpsideDown UIInterfaceOrientationLandscapeLeft UIInterfaceOrientationLandscapeRight";
				INFOPLIST_KEY_UISupportedInterfaceOrientations_iPhone = "UIInterfaceOrientationPortrait UIInterfaceOrientationLandscapeLeft UIInterfaceOrientationLandscapeRight";
				LD_RUNPATH_SEARCH_PATHS = (
					"$(inherited)",
					"@executable_path/Frameworks",
				);
				MARKETING_VERSION = 1.0;
				PRODUCT_BUNDLE_IDENTIFIER = yolo.Adnijo;
				PRODUCT_NAME = "$(TARGET_NAME)";
				SWIFT_EMIT_LOC_STRINGS = YES;
				SWIFT_VERSION = 5.0;
				TARGETED_DEVICE_FAMILY = "1,2";
			};
			name = Debug;
		};
		030CD84827CF77FB0006C5BE /* Release */ = {
			isa = XCBuildConfiguration;
			buildSettings = {
				ASSETCATALOG_COMPILER_APPICON_NAME = AppIcon;
				ASSETCATALOG_COMPILER_GLOBAL_ACCENT_COLOR_NAME = AccentColor;
				CODE_SIGN_STYLE = Automatic;
				CURRENT_PROJECT_VERSION = 1;
				GENERATE_INFOPLIST_FILE = YES;
				INFOPLIST_FILE = Adnijo/Info.plist;
				INFOPLIST_KEY_UIApplicationSupportsIndirectInputEvents = YES;
				INFOPLIST_KEY_UILaunchStoryboardName = LaunchScreen;
				INFOPLIST_KEY_UIMainStoryboardFile = Main;
				INFOPLIST_KEY_UISupportedInterfaceOrientations_iPad = "UIInterfaceOrientationPortrait UIInterfaceOrientationPortraitUpsideDown UIInterfaceOrientationLandscapeLeft UIInterfaceOrientationLandscapeRight";
				INFOPLIST_KEY_UISupportedInterfaceOrientations_iPhone = "UIInterfaceOrientationPortrait UIInterfaceOrientationLandscapeLeft UIInterfaceOrientationLandscapeRight";
				LD_RUNPATH_SEARCH_PATHS = (
					"$(inherited)",
					"@executable_path/Frameworks",
				);
				MARKETING_VERSION = 1.0;
				PRODUCT_BUNDLE_IDENTIFIER = yolo.Adnijo;
				PRODUCT_NAME = "$(TARGET_NAME)";
				SWIFT_EMIT_LOC_STRINGS = YES;
				SWIFT_VERSION = 5.0;
				TARGETED_DEVICE_FAMILY = "1,2";
			};
			name = Release;
		};
		030CD84A27CF77FB0006C5BE /* Debug */ = {
			isa = XCBuildConfiguration;
			buildSettings = {
				ALWAYS_EMBED_SWIFT_STANDARD_LIBRARIES = YES;
				BUNDLE_LOADER = "$(TEST_HOST)";
				CODE_SIGN_STYLE = Automatic;
				CURRENT_PROJECT_VERSION = 1;
				GENERATE_INFOPLIST_FILE = YES;
				IPHONEOS_DEPLOYMENT_TARGET = 15.2;
				MARKETING_VERSION = 1.0;
				PRODUCT_BUNDLE_IDENTIFIER = yolo.AdnijoTests;
				PRODUCT_NAME = "$(TARGET_NAME)";
				SWIFT_EMIT_LOC_STRINGS = NO;
				SWIFT_VERSION = 5.0;
				TARGETED_DEVICE_FAMILY = "1,2";
				TEST_HOST = "$(BUILT_PRODUCTS_DIR)/Adnijo.app/Adnijo";
			};
			name = Debug;
		};
		030CD84B27CF77FB0006C5BE /* Release */ = {
			isa = XCBuildConfiguration;
			buildSettings = {
				ALWAYS_EMBED_SWIFT_STANDARD_LIBRARIES = YES;
				BUNDLE_LOADER = "$(TEST_HOST)";
				CODE_SIGN_STYLE = Automatic;
				CURRENT_PROJECT_VERSION = 1;
				GENERATE_INFOPLIST_FILE = YES;
				IPHONEOS_DEPLOYMENT_TARGET = 15.2;
				MARKETING_VERSION = 1.0;
				PRODUCT_BUNDLE_IDENTIFIER = yolo.AdnijoTests;
				PRODUCT_NAME = "$(TARGET_NAME)";
				SWIFT_EMIT_LOC_STRINGS = NO;
				SWIFT_VERSION = 5.0;
				TARGETED_DEVICE_FAMILY = "1,2";
				TEST_HOST = "$(BUILT_PRODUCTS_DIR)/Adnijo.app/Adnijo";
			};
			name = Release;
		};
		030CD84D27CF77FB0006C5BE /* Debug */ = {
			isa = XCBuildConfiguration;
			buildSettings = {
				ALWAYS_EMBED_SWIFT_STANDARD_LIBRARIES = YES;
				CODE_SIGN_STYLE = Automatic;
				CURRENT_PROJECT_VERSION = 1;
				GENERATE_INFOPLIST_FILE = YES;
				MARKETING_VERSION = 1.0;
				PRODUCT_BUNDLE_IDENTIFIER = yolo.AdnijoUITests;
				PRODUCT_NAME = "$(TARGET_NAME)";
				SWIFT_EMIT_LOC_STRINGS = NO;
				SWIFT_VERSION = 5.0;
				TARGETED_DEVICE_FAMILY = "1,2";
				TEST_TARGET_NAME = Adnijo;
			};
			name = Debug;
		};
		030CD84E27CF77FB0006C5BE /* Release */ = {
			isa = XCBuildConfiguration;
			buildSettings = {
				ALWAYS_EMBED_SWIFT_STANDARD_LIBRARIES = YES;
				CODE_SIGN_STYLE = Automatic;
				CURRENT_PROJECT_VERSION = 1;
				GENERATE_INFOPLIST_FILE = YES;
				MARKETING_VERSION = 1.0;
				PRODUCT_BUNDLE_IDENTIFIER = yolo.AdnijoUITests;
				PRODUCT_NAME = "$(TARGET_NAME)";
				SWIFT_EMIT_LOC_STRINGS = NO;
				SWIFT_VERSION = 5.0;
				TARGETED_DEVICE_FAMILY = "1,2";
				TEST_TARGET_NAME = Adnijo;
			};
			name = Release;
		};
/* End XCBuildConfiguration section */

/* Begin XCConfigurationList section */
		030CD81727CF77FA0006C5BE /* Build configuration list for PBXProject "Adnijo" */ = {
			isa = XCConfigurationList;
			buildConfigurations = (
				030CD84427CF77FB0006C5BE /* Debug */,
				030CD84527CF77FB0006C5BE /* Release */,
			);
			defaultConfigurationIsVisible = 0;
			defaultConfigurationName = Release;
		};
		030CD84627CF77FB0006C5BE /* Build configuration list for PBXNativeTarget "Adnijo" */ = {
			isa = XCConfigurationList;
			buildConfigurations = (
				030CD84727CF77FB0006C5BE /* Debug */,
				030CD84827CF77FB0006C5BE /* Release */,
			);
			defaultConfigurationIsVisible = 0;
			defaultConfigurationName = Release;
		};
		030CD84927CF77FB0006C5BE /* Build configuration list for PBXNativeTarget "AdnijoTests" */ = {
			isa = XCConfigurationList;
			buildConfigurations = (
				030CD84A27CF77FB0006C5BE /* Debug */,
				030CD84B27CF77FB0006C5BE /* Release */,
			);
			defaultConfigurationIsVisible = 0;
			defaultConfigurationName = Release;
		};
		030CD84C27CF77FB0006C5BE /* Build configuration list for PBXNativeTarget "AdnijoUITests" */ = {
			isa = XCConfigurationList;
			buildConfigurations = (
				030CD84D27CF77FB0006C5BE /* Debug */,
				030CD84E27CF77FB0006C5BE /* Release */,
			);
			defaultConfigurationIsVisible = 0;
			defaultConfigurationName = Release;
		};
/* End XCConfigurationList section */
	};
	rootObject = 030CD81427CF77FA0006C5BE /* Project object */;
}
